// !$*UTF8*$!
{
	archiveVersion = 1;
	classes = {
	};
	objectVersion = 46;
	objects = {

/* Begin PBXBuildFile section */
		4505F9F8193D15330016FC7F /* Foundation.framework in Frameworks */ = {isa = PBXBuildFile; fileRef = 4505F9F7193D15330016FC7F /* Foundation.framework */; };
		4505F9FA193D15330016FC7F /* CoreGraphics.framework in Frameworks */ = {isa = PBXBuildFile; fileRef = 4505F9F9193D15330016FC7F /* CoreGraphics.framework */; };
		4505F9FC193D15330016FC7F /* UIKit.framework in Frameworks */ = {isa = PBXBuildFile; fileRef = 4505F9FB193D15330016FC7F /* UIKit.framework */; };
		4505FA02193D15330016FC7F /* InfoPlist.strings in Resources */ = {isa = PBXBuildFile; fileRef = 4505FA00193D15330016FC7F /* InfoPlist.strings */; };
		4505FA04193D15330016FC7F /* main.m in Sources */ = {isa = PBXBuildFile; fileRef = 4505FA03193D15330016FC7F /* main.m */; };
		4505FA08193D15330016FC7F /* AppDelegate.m in Sources */ = {isa = PBXBuildFile; fileRef = 4505FA07193D15330016FC7F /* AppDelegate.m */; };
		4505FA0B193D15330016FC7F /* Main.storyboard in Resources */ = {isa = PBXBuildFile; fileRef = 4505FA09193D15330016FC7F /* Main.storyboard */; };
		4505FA0E193D15330016FC7F /* ViewController.m in Sources */ = {isa = PBXBuildFile; fileRef = 4505FA0D193D15330016FC7F /* ViewController.m */; };
		4505FA10193D15330016FC7F /* Images.xcassets in Resources */ = {isa = PBXBuildFile; fileRef = 4505FA0F193D15330016FC7F /* Images.xcassets */; };
		4505FA17193D15330016FC7F /* XCTest.framework in Frameworks */ = {isa = PBXBuildFile; fileRef = 4505FA16193D15330016FC7F /* XCTest.framework */; };
		4505FA18193D15330016FC7F /* Foundation.framework in Frameworks */ = {isa = PBXBuildFile; fileRef = 4505F9F7193D15330016FC7F /* Foundation.framework */; };
		4505FA19193D15330016FC7F /* UIKit.framework in Frameworks */ = {isa = PBXBuildFile; fileRef = 4505F9FB193D15330016FC7F /* UIKit.framework */; };
		4505FA21193D15330016FC7F /* InfoPlist.strings in Resources */ = {isa = PBXBuildFile; fileRef = 4505FA1F193D15330016FC7F /* InfoPlist.strings */; };
		4505FA23193D15330016FC7F /* InstagramTests.m in Sources */ = {isa = PBXBuildFile; fileRef = 4505FA22193D15330016FC7F /* InstagramTests.m */; };
		4550E5B81946BB2100A6179D /* Parse.framework in Frameworks */ = {isa = PBXBuildFile; fileRef = 4550E5B71946BB2100A6179D /* Parse.framework */; };
		4550E5BA1946BB6700A6179D /* AudioToolbox.framework in Frameworks */ = {isa = PBXBuildFile; fileRef = 4550E5B91946BB6700A6179D /* AudioToolbox.framework */; };
		4550E5BC1946BB6F00A6179D /* CFNetwork.framework in Frameworks */ = {isa = PBXBuildFile; fileRef = 4550E5BB1946BB6F00A6179D /* CFNetwork.framework */; };
		4550E5BE1946BB7B00A6179D /* CoreLocation.framework in Frameworks */ = {isa = PBXBuildFile; fileRef = 4550E5BD1946BB7B00A6179D /* CoreLocation.framework */; };
		4550E5C01946BB8200A6179D /* libz.dylib in Frameworks */ = {isa = PBXBuildFile; fileRef = 4550E5BF1946BB8200A6179D /* libz.dylib */; };
		4550E5C21946BB8B00A6179D /* MobileCoreServices.framework in Frameworks */ = {isa = PBXBuildFile; fileRef = 4550E5C11946BB8B00A6179D /* MobileCoreServices.framework */; };
		4550E5C41946BB9100A6179D /* QuartzCore.framework in Frameworks */ = {isa = PBXBuildFile; fileRef = 4550E5C31946BB9100A6179D /* QuartzCore.framework */; };
		4550E5C61946BB9700A6179D /* Security.framework in Frameworks */ = {isa = PBXBuildFile; fileRef = 4550E5C51946BB9700A6179D /* Security.framework */; };
		4550E5C81946BB9E00A6179D /* StoreKit.framework in Frameworks */ = {isa = PBXBuildFile; fileRef = 4550E5C71946BB9D00A6179D /* StoreKit.framework */; };
		4550E5CA1946BBA600A6179D /* SystemConfiguration.framework in Frameworks */ = {isa = PBXBuildFile; fileRef = 4550E5C91946BBA600A6179D /* SystemConfiguration.framework */; };
		4550E62519478E9000A6179D /* User.m in Sources */ = {isa = PBXBuildFile; fileRef = 4550E62419478E9000A6179D /* User.m */; };
		4550E6281947A31B00A6179D /* Photo.m in Sources */ = {isa = PBXBuildFile; fileRef = 4550E6271947A31B00A6179D /* Photo.m */; };
		45D74E1C193D2C50005DEEA2 /* PhotoCollectionViewCell.m in Sources */ = {isa = PBXBuildFile; fileRef = 45D74E1B193D2C50005DEEA2 /* PhotoCollectionViewCell.m */; };
		45D74E1F193D3433005DEEA2 /* FavoritesViewController.m in Sources */ = {isa = PBXBuildFile; fileRef = 45D74E1E193D3433005DEEA2 /* FavoritesViewController.m */; };
		45EA5D31194952EF00328F3D /* MyButton.m in Sources */ = {isa = PBXBuildFile; fileRef = 45EA5D30194952EF00328F3D /* MyButton.m */; };
		D07060CE1949F811004F611B /* reloadButton.png in Resources */ = {isa = PBXBuildFile; fileRef = D07060CD1949F811004F611B /* reloadButton.png */; };
		D08CC38119478E3B009F0DDA /* PhotoViewController.m in Sources */ = {isa = PBXBuildFile; fileRef = D08CC38019478E3B009F0DDA /* PhotoViewController.m */; };
		D0A64F851948218100762CA8 /* cameraIconInsta.png in Resources */ = {isa = PBXBuildFile; fileRef = D0A64F841948218100762CA8 /* cameraIconInsta.png */; };
		D0A6D176194982470075EEE1 /* profilePhoto.png in Resources */ = {isa = PBXBuildFile; fileRef = D0A6D175194982470075EEE1 /* profilePhoto.png */; };
		D0A6D178194982F40075EEE1 /* photoCollectionGridView.png in Resources */ = {isa = PBXBuildFile; fileRef = D0A6D177194982F40075EEE1 /* photoCollectionGridView.png */; };
		D0A6D17A1949838E0075EEE1 /* photoCollectionFeedView.png in Resources */ = {isa = PBXBuildFile; fileRef = D0A6D1791949838E0075EEE1 /* photoCollectionFeedView.png */; };
		D0A6D17C194984040075EEE1 /* photoLocation.png in Resources */ = {isa = PBXBuildFile; fileRef = D0A6D17B194984040075EEE1 /* photoLocation.png */; };
		D0A6D17E194985D00075EEE1 /* settingsIcon.png in Resources */ = {isa = PBXBuildFile; fileRef = D0A6D17D194985D00075EEE1 /* settingsIcon.png */; };
		D0A6D1801949860C0075EEE1 /* myTaggedPhotos.png in Resources */ = {isa = PBXBuildFile; fileRef = D0A6D17F1949860C0075EEE1 /* myTaggedPhotos.png */; };
		D0A6D182194988E90075EEE1 /* MapKit.framework in Frameworks */ = {isa = PBXBuildFile; fileRef = D0A6D181194988E90075EEE1 /* MapKit.framework */; };
		D0A6D1851949890B0075EEE1 /* MapViewController.m in Sources */ = {isa = PBXBuildFile; fileRef = D0A6D1841949890B0075EEE1 /* MapViewController.m */; };
		D0B2F3151947A7B600EE05D9 /* camera@2x.png in Resources */ = {isa = PBXBuildFile; fileRef = D0B2F3141947A7B600EE05D9 /* camera@2x.png */; };
		D0B2F3171947A7C100EE05D9 /* friends@2x.png in Resources */ = {isa = PBXBuildFile; fileRef = D0B2F3161947A7C100EE05D9 /* friends@2x.png */; };
		D0B2F31C1947A85700EE05D9 /* NotificationViewController.m in Sources */ = {isa = PBXBuildFile; fileRef = D0B2F31B1947A85700EE05D9 /* NotificationViewController.m */; };
		D0B2F31F1947A8DF00EE05D9 /* UserProfileViewController.m in Sources */ = {isa = PBXBuildFile; fileRef = D0B2F31E1947A8DF00EE05D9 /* UserProfileViewController.m */; };
		D0B2F3291948122300EE05D9 /* notificationIcons.png in Resources */ = {isa = PBXBuildFile; fileRef = D0B2F3281948122300EE05D9 /* notificationIcons.png */; };
		D0B2F32B1948131300EE05D9 /* commentIcon.png in Resources */ = {isa = PBXBuildFile; fileRef = D0B2F32A1948131300EE05D9 /* commentIcon.png */; };
		D0B2F32D1948147200EE05D9 /* likeHeartIcon.png in Resources */ = {isa = PBXBuildFile; fileRef = D0B2F32C1948147200EE05D9 /* likeHeartIcon.png */; };
		D0B2F32F1948151700EE05D9 /* userProfileIcon.png in Resources */ = {isa = PBXBuildFile; fileRef = D0B2F32E1948151700EE05D9 /* userProfileIcon.png */; };
/* End PBXBuildFile section */

/* Begin PBXContainerItemProxy section */
		4505FA1A193D15330016FC7F /* PBXContainerItemProxy */ = {
			isa = PBXContainerItemProxy;
			containerPortal = 4505F9EC193D15330016FC7F /* Project object */;
			proxyType = 1;
			remoteGlobalIDString = 4505F9F3193D15330016FC7F;
			remoteInfo = Instagram;
		};
/* End PBXContainerItemProxy section */

/* Begin PBXFileReference section */
		4505F9F4193D15330016FC7F /* Instagram.app */ = {isa = PBXFileReference; explicitFileType = wrapper.application; includeInIndex = 0; path = Instagram.app; sourceTree = BUILT_PRODUCTS_DIR; };
		4505F9F7193D15330016FC7F /* Foundation.framework */ = {isa = PBXFileReference; lastKnownFileType = wrapper.framework; name = Foundation.framework; path = System/Library/Frameworks/Foundation.framework; sourceTree = SDKROOT; };
		4505F9F9193D15330016FC7F /* CoreGraphics.framework */ = {isa = PBXFileReference; lastKnownFileType = wrapper.framework; name = CoreGraphics.framework; path = System/Library/Frameworks/CoreGraphics.framework; sourceTree = SDKROOT; };
		4505F9FB193D15330016FC7F /* UIKit.framework */ = {isa = PBXFileReference; lastKnownFileType = wrapper.framework; name = UIKit.framework; path = System/Library/Frameworks/UIKit.framework; sourceTree = SDKROOT; };
		4505F9FF193D15330016FC7F /* Instagram-Info.plist */ = {isa = PBXFileReference; lastKnownFileType = text.plist.xml; path = "Instagram-Info.plist"; sourceTree = "<group>"; };
		4505FA01193D15330016FC7F /* en */ = {isa = PBXFileReference; lastKnownFileType = text.plist.strings; name = en; path = en.lproj/InfoPlist.strings; sourceTree = "<group>"; };
		4505FA03193D15330016FC7F /* main.m */ = {isa = PBXFileReference; lastKnownFileType = sourcecode.c.objc; path = main.m; sourceTree = "<group>"; };
		4505FA05193D15330016FC7F /* Instagram-Prefix.pch */ = {isa = PBXFileReference; lastKnownFileType = sourcecode.c.h; path = "Instagram-Prefix.pch"; sourceTree = "<group>"; };
		4505FA06193D15330016FC7F /* AppDelegate.h */ = {isa = PBXFileReference; lastKnownFileType = sourcecode.c.h; path = AppDelegate.h; sourceTree = "<group>"; };
		4505FA07193D15330016FC7F /* AppDelegate.m */ = {isa = PBXFileReference; lastKnownFileType = sourcecode.c.objc; path = AppDelegate.m; sourceTree = "<group>"; };
		4505FA0A193D15330016FC7F /* Base */ = {isa = PBXFileReference; lastKnownFileType = file.storyboard; name = Base; path = Base.lproj/Main.storyboard; sourceTree = "<group>"; };
		4505FA0C193D15330016FC7F /* ViewController.h */ = {isa = PBXFileReference; lastKnownFileType = sourcecode.c.h; path = ViewController.h; sourceTree = "<group>"; };
		4505FA0D193D15330016FC7F /* ViewController.m */ = {isa = PBXFileReference; lastKnownFileType = sourcecode.c.objc; path = ViewController.m; sourceTree = "<group>"; };
		4505FA0F193D15330016FC7F /* Images.xcassets */ = {isa = PBXFileReference; lastKnownFileType = folder.assetcatalog; path = Images.xcassets; sourceTree = "<group>"; };
		4505FA15193D15330016FC7F /* InstagramTests.xctest */ = {isa = PBXFileReference; explicitFileType = wrapper.cfbundle; includeInIndex = 0; path = InstagramTests.xctest; sourceTree = BUILT_PRODUCTS_DIR; };
		4505FA16193D15330016FC7F /* XCTest.framework */ = {isa = PBXFileReference; lastKnownFileType = wrapper.framework; name = XCTest.framework; path = Library/Frameworks/XCTest.framework; sourceTree = DEVELOPER_DIR; };
		4505FA1E193D15330016FC7F /* InstagramTests-Info.plist */ = {isa = PBXFileReference; lastKnownFileType = text.plist.xml; path = "InstagramTests-Info.plist"; sourceTree = "<group>"; };
		4505FA20193D15330016FC7F /* en */ = {isa = PBXFileReference; lastKnownFileType = text.plist.strings; name = en; path = en.lproj/InfoPlist.strings; sourceTree = "<group>"; };
		4505FA22193D15330016FC7F /* InstagramTests.m */ = {isa = PBXFileReference; lastKnownFileType = sourcecode.c.objc; path = InstagramTests.m; sourceTree = "<group>"; };
		4550E5B71946BB2100A6179D /* Parse.framework */ = {isa = PBXFileReference; lastKnownFileType = wrapper.framework; path = Parse.framework; sourceTree = "<group>"; };
		4550E5B91946BB6700A6179D /* AudioToolbox.framework */ = {isa = PBXFileReference; lastKnownFileType = wrapper.framework; name = AudioToolbox.framework; path = System/Library/Frameworks/AudioToolbox.framework; sourceTree = SDKROOT; };
		4550E5BB1946BB6F00A6179D /* CFNetwork.framework */ = {isa = PBXFileReference; lastKnownFileType = wrapper.framework; name = CFNetwork.framework; path = System/Library/Frameworks/CFNetwork.framework; sourceTree = SDKROOT; };
		4550E5BD1946BB7B00A6179D /* CoreLocation.framework */ = {isa = PBXFileReference; lastKnownFileType = wrapper.framework; name = CoreLocation.framework; path = System/Library/Frameworks/CoreLocation.framework; sourceTree = SDKROOT; };
		4550E5BF1946BB8200A6179D /* libz.dylib */ = {isa = PBXFileReference; lastKnownFileType = "compiled.mach-o.dylib"; name = libz.dylib; path = usr/lib/libz.dylib; sourceTree = SDKROOT; };
		4550E5C11946BB8B00A6179D /* MobileCoreServices.framework */ = {isa = PBXFileReference; lastKnownFileType = wrapper.framework; name = MobileCoreServices.framework; path = System/Library/Frameworks/MobileCoreServices.framework; sourceTree = SDKROOT; };
		4550E5C31946BB9100A6179D /* QuartzCore.framework */ = {isa = PBXFileReference; lastKnownFileType = wrapper.framework; name = QuartzCore.framework; path = System/Library/Frameworks/QuartzCore.framework; sourceTree = SDKROOT; };
		4550E5C51946BB9700A6179D /* Security.framework */ = {isa = PBXFileReference; lastKnownFileType = wrapper.framework; name = Security.framework; path = System/Library/Frameworks/Security.framework; sourceTree = SDKROOT; };
		4550E5C71946BB9D00A6179D /* StoreKit.framework */ = {isa = PBXFileReference; lastKnownFileType = wrapper.framework; name = StoreKit.framework; path = System/Library/Frameworks/StoreKit.framework; sourceTree = SDKROOT; };
		4550E5C91946BBA600A6179D /* SystemConfiguration.framework */ = {isa = PBXFileReference; lastKnownFileType = wrapper.framework; name = SystemConfiguration.framework; path = System/Library/Frameworks/SystemConfiguration.framework; sourceTree = SDKROOT; };
		4550E62319478E9000A6179D /* User.h */ = {isa = PBXFileReference; fileEncoding = 4; lastKnownFileType = sourcecode.c.h; path = User.h; sourceTree = "<group>"; };
		4550E62419478E9000A6179D /* User.m */ = {isa = PBXFileReference; fileEncoding = 4; lastKnownFileType = sourcecode.c.objc; path = User.m; sourceTree = "<group>"; };
		4550E6261947A31B00A6179D /* Photo.h */ = {isa = PBXFileReference; fileEncoding = 4; lastKnownFileType = sourcecode.c.h; path = Photo.h; sourceTree = "<group>"; };
		4550E6271947A31B00A6179D /* Photo.m */ = {isa = PBXFileReference; fileEncoding = 4; lastKnownFileType = sourcecode.c.objc; path = Photo.m; sourceTree = "<group>"; };
		45D74E1A193D2C50005DEEA2 /* PhotoCollectionViewCell.h */ = {isa = PBXFileReference; fileEncoding = 4; lastKnownFileType = sourcecode.c.h; path = PhotoCollectionViewCell.h; sourceTree = "<group>"; };
		45D74E1B193D2C50005DEEA2 /* PhotoCollectionViewCell.m */ = {isa = PBXFileReference; fileEncoding = 4; lastKnownFileType = sourcecode.c.objc; path = PhotoCollectionViewCell.m; sourceTree = "<group>"; };
		45D74E1D193D3433005DEEA2 /* FavoritesViewController.h */ = {isa = PBXFileReference; fileEncoding = 4; lastKnownFileType = sourcecode.c.h; path = FavoritesViewController.h; sourceTree = "<group>"; };
		45D74E1E193D3433005DEEA2 /* FavoritesViewController.m */ = {isa = PBXFileReference; fileEncoding = 4; lastKnownFileType = sourcecode.c.objc; path = FavoritesViewController.m; sourceTree = "<group>"; };
		45EA5D2F194952EF00328F3D /* MyButton.h */ = {isa = PBXFileReference; fileEncoding = 4; lastKnownFileType = sourcecode.c.h; path = MyButton.h; sourceTree = "<group>"; };
		45EA5D30194952EF00328F3D /* MyButton.m */ = {isa = PBXFileReference; fileEncoding = 4; lastKnownFileType = sourcecode.c.objc; path = MyButton.m; sourceTree = "<group>"; };
		D07060CD1949F811004F611B /* reloadButton.png */ = {isa = PBXFileReference; lastKnownFileType = image.png; path = reloadButton.png; sourceTree = "<group>"; };
		D08CC37F19478E3B009F0DDA /* PhotoViewController.h */ = {isa = PBXFileReference; fileEncoding = 4; lastKnownFileType = sourcecode.c.h; path = PhotoViewController.h; sourceTree = "<group>"; };
		D08CC38019478E3B009F0DDA /* PhotoViewController.m */ = {isa = PBXFileReference; fileEncoding = 4; lastKnownFileType = sourcecode.c.objc; path = PhotoViewController.m; sourceTree = "<group>"; };
		D0A64F841948218100762CA8 /* cameraIconInsta.png */ = {isa = PBXFileReference; lastKnownFileType = image.png; path = cameraIconInsta.png; sourceTree = "<group>"; };
		D0A6D175194982470075EEE1 /* profilePhoto.png */ = {isa = PBXFileReference; lastKnownFileType = image.png; path = profilePhoto.png; sourceTree = "<group>"; };
		D0A6D177194982F40075EEE1 /* photoCollectionGridView.png */ = {isa = PBXFileReference; lastKnownFileType = image.png; path = photoCollectionGridView.png; sourceTree = "<group>"; };
		D0A6D1791949838E0075EEE1 /* photoCollectionFeedView.png */ = {isa = PBXFileReference; lastKnownFileType = image.png; path = photoCollectionFeedView.png; sourceTree = "<group>"; };
		D0A6D17B194984040075EEE1 /* photoLocation.png */ = {isa = PBXFileReference; lastKnownFileType = image.png; path = photoLocation.png; sourceTree = "<group>"; };
		D0A6D17D194985D00075EEE1 /* settingsIcon.png */ = {isa = PBXFileReference; lastKnownFileType = image.png; path = settingsIcon.png; sourceTree = "<group>"; };
		D0A6D17F1949860C0075EEE1 /* myTaggedPhotos.png */ = {isa = PBXFileReference; lastKnownFileType = image.png; path = myTaggedPhotos.png; sourceTree = "<group>"; };
		D0A6D181194988E90075EEE1 /* MapKit.framework */ = {isa = PBXFileReference; lastKnownFileType = wrapper.framework; name = MapKit.framework; path = System/Library/Frameworks/MapKit.framework; sourceTree = SDKROOT; };
		D0A6D1831949890B0075EEE1 /* MapViewController.h */ = {isa = PBXFileReference; fileEncoding = 4; lastKnownFileType = sourcecode.c.h; name = MapViewController.h; path = ../MapViewController.h; sourceTree = "<group>"; };
		D0A6D1841949890B0075EEE1 /* MapViewController.m */ = {isa = PBXFileReference; fileEncoding = 4; lastKnownFileType = sourcecode.c.objc; name = MapViewController.m; path = ../MapViewController.m; sourceTree = "<group>"; };
		D0B2F3141947A7B600EE05D9 /* camera@2x.png */ = {isa = PBXFileReference; lastKnownFileType = image.png; path = "camera@2x.png"; sourceTree = "<group>"; };
		D0B2F3161947A7C100EE05D9 /* friends@2x.png */ = {isa = PBXFileReference; lastKnownFileType = image.png; path = "friends@2x.png"; sourceTree = "<group>"; };
		D0B2F31A1947A85700EE05D9 /* NotificationViewController.h */ = {isa = PBXFileReference; fileEncoding = 4; lastKnownFileType = sourcecode.c.h; path = NotificationViewController.h; sourceTree = "<group>"; };
		D0B2F31B1947A85700EE05D9 /* NotificationViewController.m */ = {isa = PBXFileReference; fileEncoding = 4; lastKnownFileType = sourcecode.c.objc; path = NotificationViewController.m; sourceTree = "<group>"; };
		D0B2F31D1947A8DF00EE05D9 /* UserProfileViewController.h */ = {isa = PBXFileReference; fileEncoding = 4; lastKnownFileType = sourcecode.c.h; path = UserProfileViewController.h; sourceTree = "<group>"; };
		D0B2F31E1947A8DF00EE05D9 /* UserProfileViewController.m */ = {isa = PBXFileReference; fileEncoding = 4; lastKnownFileType = sourcecode.c.objc; path = UserProfileViewController.m; sourceTree = "<group>"; };
		D0B2F3281948122300EE05D9 /* notificationIcons.png */ = {isa = PBXFileReference; lastKnownFileType = image.png; path = notificationIcons.png; sourceTree = "<group>"; };
		D0B2F32A1948131300EE05D9 /* commentIcon.png */ = {isa = PBXFileReference; lastKnownFileType = image.png; path = commentIcon.png; sourceTree = "<group>"; };
		D0B2F32C1948147200EE05D9 /* likeHeartIcon.png */ = {isa = PBXFileReference; lastKnownFileType = image.png; path = likeHeartIcon.png; sourceTree = "<group>"; };
		D0B2F32E1948151700EE05D9 /* userProfileIcon.png */ = {isa = PBXFileReference; lastKnownFileType = image.png; path = userProfileIcon.png; sourceTree = "<group>"; };
/* End PBXFileReference section */

/* Begin PBXFrameworksBuildPhase section */
		4505F9F1193D15330016FC7F /* Frameworks */ = {
			isa = PBXFrameworksBuildPhase;
			buildActionMask = 2147483647;
			files = (
				D0A6D182194988E90075EEE1 /* MapKit.framework in Frameworks */,
				4550E5CA1946BBA600A6179D /* SystemConfiguration.framework in Frameworks */,
				4550E5C81946BB9E00A6179D /* StoreKit.framework in Frameworks */,
				4550E5C61946BB9700A6179D /* Security.framework in Frameworks */,
				4550E5C41946BB9100A6179D /* QuartzCore.framework in Frameworks */,
				4550E5C21946BB8B00A6179D /* MobileCoreServices.framework in Frameworks */,
				4550E5C01946BB8200A6179D /* libz.dylib in Frameworks */,
				4550E5BE1946BB7B00A6179D /* CoreLocation.framework in Frameworks */,
				4505F9FA193D15330016FC7F /* CoreGraphics.framework in Frameworks */,
				4550E5BC1946BB6F00A6179D /* CFNetwork.framework in Frameworks */,
				4550E5BA1946BB6700A6179D /* AudioToolbox.framework in Frameworks */,
				4505F9FC193D15330016FC7F /* UIKit.framework in Frameworks */,
				4550E5B81946BB2100A6179D /* Parse.framework in Frameworks */,
				4505F9F8193D15330016FC7F /* Foundation.framework in Frameworks */,
			);
			runOnlyForDeploymentPostprocessing = 0;
		};
		4505FA12193D15330016FC7F /* Frameworks */ = {
			isa = PBXFrameworksBuildPhase;
			buildActionMask = 2147483647;
			files = (
				4505FA17193D15330016FC7F /* XCTest.framework in Frameworks */,
				4505FA19193D15330016FC7F /* UIKit.framework in Frameworks */,
				4505FA18193D15330016FC7F /* Foundation.framework in Frameworks */,
			);
			runOnlyForDeploymentPostprocessing = 0;
		};
/* End PBXFrameworksBuildPhase section */

/* Begin PBXGroup section */
		4505F9EB193D15330016FC7F = {
			isa = PBXGroup;
			children = (
				4505F9FD193D15330016FC7F /* Instagram */,
				4505FA1C193D15330016FC7F /* InstagramTests */,
				4505F9F6193D15330016FC7F /* Frameworks */,
				4505F9F5193D15330016FC7F /* Products */,
			);
			sourceTree = "<group>";
		};
		4505F9F5193D15330016FC7F /* Products */ = {
			isa = PBXGroup;
			children = (
				4505F9F4193D15330016FC7F /* Instagram.app */,
				4505FA15193D15330016FC7F /* InstagramTests.xctest */,
			);
			name = Products;
			sourceTree = "<group>";
		};
		4505F9F6193D15330016FC7F /* Frameworks */ = {
			isa = PBXGroup;
			children = (
				D0A6D181194988E90075EEE1 /* MapKit.framework */,
				4550E5C91946BBA600A6179D /* SystemConfiguration.framework */,
				4550E5C71946BB9D00A6179D /* StoreKit.framework */,
				4550E5C51946BB9700A6179D /* Security.framework */,
				4550E5C31946BB9100A6179D /* QuartzCore.framework */,
				4550E5C11946BB8B00A6179D /* MobileCoreServices.framework */,
				4550E5BF1946BB8200A6179D /* libz.dylib */,
				4550E5BD1946BB7B00A6179D /* CoreLocation.framework */,
				4550E5BB1946BB6F00A6179D /* CFNetwork.framework */,
				4550E5B91946BB6700A6179D /* AudioToolbox.framework */,
				4550E5B71946BB2100A6179D /* Parse.framework */,
				4505F9F7193D15330016FC7F /* Foundation.framework */,
				4505F9F9193D15330016FC7F /* CoreGraphics.framework */,
				4505F9FB193D15330016FC7F /* UIKit.framework */,
				4505FA16193D15330016FC7F /* XCTest.framework */,
			);
			name = Frameworks;
			sourceTree = "<group>";
		};
		4505F9FD193D15330016FC7F /* Instagram */ = {
			isa = PBXGroup;
			children = (
				4505FA06193D15330016FC7F /* AppDelegate.h */,
				4505FA07193D15330016FC7F /* AppDelegate.m */,
				4505FA09193D15330016FC7F /* Main.storyboard */,
				D0B2F31D1947A8DF00EE05D9 /* UserProfileViewController.h */,
				D0B2F31E1947A8DF00EE05D9 /* UserProfileViewController.m */,
				D0B2F31A1947A85700EE05D9 /* NotificationViewController.h */,
				D0B2F31B1947A85700EE05D9 /* NotificationViewController.m */,
				D08CC37F19478E3B009F0DDA /* PhotoViewController.h */,
				D08CC38019478E3B009F0DDA /* PhotoViewController.m */,
				45D74E1D193D3433005DEEA2 /* FavoritesViewController.h */,
				45D74E1E193D3433005DEEA2 /* FavoritesViewController.m */,
				4505FA0C193D15330016FC7F /* ViewController.h */,
				4505FA0D193D15330016FC7F /* ViewController.m */,
				D0A6D1831949890B0075EEE1 /* MapViewController.h */,
				D0A6D1841949890B0075EEE1 /* MapViewController.m */,
				45EA5D2F194952EF00328F3D /* MyButton.h */,
				45EA5D30194952EF00328F3D /* MyButton.m */,
				4550E6261947A31B00A6179D /* Photo.h */,
				4550E6271947A31B00A6179D /* Photo.m */,
				4550E62319478E9000A6179D /* User.h */,
				4550E62419478E9000A6179D /* User.m */,
				45D74E1A193D2C50005DEEA2 /* PhotoCollectionViewCell.h */,
				45D74E1B193D2C50005DEEA2 /* PhotoCollectionViewCell.m */,
				4505FA0F193D15330016FC7F /* Images.xcassets */,
				4505F9FE193D15330016FC7F /* Supporting Files */,
			);
			path = Instagram;
			sourceTree = "<group>";
		};
		4505F9FE193D15330016FC7F /* Supporting Files */ = {
			isa = PBXGroup;
			children = (
				D07060CD1949F811004F611B /* reloadButton.png */,
				D0A6D175194982470075EEE1 /* profilePhoto.png */,
				D0B2F32A1948131300EE05D9 /* commentIcon.png */,
				D0A6D1791949838E0075EEE1 /* photoCollectionFeedView.png */,
				D0B2F3161947A7C100EE05D9 /* friends@2x.png */,
				D0A6D17B194984040075EEE1 /* photoLocation.png */,
				D0A6D17D194985D00075EEE1 /* settingsIcon.png */,
				D0A6D17F1949860C0075EEE1 /* myTaggedPhotos.png */,
				D0A6D177194982F40075EEE1 /* photoCollectionGridView.png */,
				D0B2F32E1948151700EE05D9 /* userProfileIcon.png */,
				D0B2F3141947A7B600EE05D9 /* camera@2x.png */,
				D0A64F841948218100762CA8 /* cameraIconInsta.png */,
				D0B2F3281948122300EE05D9 /* notificationIcons.png */,
				D0B2F32C1948147200EE05D9 /* likeHeartIcon.png */,
				4505F9FF193D15330016FC7F /* Instagram-Info.plist */,
				4505FA00193D15330016FC7F /* InfoPlist.strings */,
				4505FA03193D15330016FC7F /* main.m */,
				4505FA05193D15330016FC7F /* Instagram-Prefix.pch */,
			);
			name = "Supporting Files";
			sourceTree = "<group>";
		};
		4505FA1C193D15330016FC7F /* InstagramTests */ = {
			isa = PBXGroup;
			children = (
				4505FA22193D15330016FC7F /* InstagramTests.m */,
				4505FA1D193D15330016FC7F /* Supporting Files */,
			);
			path = InstagramTests;
			sourceTree = "<group>";
		};
		4505FA1D193D15330016FC7F /* Supporting Files */ = {
			isa = PBXGroup;
			children = (
				4505FA1E193D15330016FC7F /* InstagramTests-Info.plist */,
				4505FA1F193D15330016FC7F /* InfoPlist.strings */,
			);
			name = "Supporting Files";
			sourceTree = "<group>";
		};
/* End PBXGroup section */

/* Begin PBXNativeTarget section */
		4505F9F3193D15330016FC7F /* Instagram */ = {
			isa = PBXNativeTarget;
			buildConfigurationList = 4505FA26193D15330016FC7F /* Build configuration list for PBXNativeTarget "Instagram" */;
			buildPhases = (
				4505F9F0193D15330016FC7F /* Sources */,
				4505F9F1193D15330016FC7F /* Frameworks */,
				4505F9F2193D15330016FC7F /* Resources */,
			);
			buildRules = (
			);
			dependencies = (
			);
			name = Instagram;
			productName = Instagram;
			productReference = 4505F9F4193D15330016FC7F /* Instagram.app */;
			productType = "com.apple.product-type.application";
		};
		4505FA14193D15330016FC7F /* InstagramTests */ = {
			isa = PBXNativeTarget;
			buildConfigurationList = 4505FA29193D15330016FC7F /* Build configuration list for PBXNativeTarget "InstagramTests" */;
			buildPhases = (
				4505FA11193D15330016FC7F /* Sources */,
				4505FA12193D15330016FC7F /* Frameworks */,
				4505FA13193D15330016FC7F /* Resources */,
			);
			buildRules = (
			);
			dependencies = (
				4505FA1B193D15330016FC7F /* PBXTargetDependency */,
			);
			name = InstagramTests;
			productName = InstagramTests;
			productReference = 4505FA15193D15330016FC7F /* InstagramTests.xctest */;
			productType = "com.apple.product-type.bundle.unit-test";
		};
/* End PBXNativeTarget section */

/* Begin PBXProject section */
		4505F9EC193D15330016FC7F /* Project object */ = {
			isa = PBXProject;
			attributes = {
				LastUpgradeCheck = 0510;
				ORGANIZATIONNAME = "Orten, Thomas";
				TargetAttributes = {
					4505FA14193D15330016FC7F = {
						TestTargetID = 4505F9F3193D15330016FC7F;
					};
				};
			};
			buildConfigurationList = 4505F9EF193D15330016FC7F /* Build configuration list for PBXProject "Instagram" */;
			compatibilityVersion = "Xcode 3.2";
			developmentRegion = English;
			hasScannedForEncodings = 0;
			knownRegions = (
				en,
				Base,
			);
			mainGroup = 4505F9EB193D15330016FC7F;
			productRefGroup = 4505F9F5193D15330016FC7F /* Products */;
			projectDirPath = "";
			projectRoot = "";
			targets = (
				4505F9F3193D15330016FC7F /* Instagram */,
				4505FA14193D15330016FC7F /* InstagramTests */,
			);
		};
/* End PBXProject section */

/* Begin PBXResourcesBuildPhase section */
		4505F9F2193D15330016FC7F /* Resources */ = {
			isa = PBXResourcesBuildPhase;
			buildActionMask = 2147483647;
			files = (
				4505FA10193D15330016FC7F /* Images.xcassets in Resources */,
				4505FA02193D15330016FC7F /* InfoPlist.strings in Resources */,
				D0B2F3291948122300EE05D9 /* notificationIcons.png in Resources */,
				D0B2F32D1948147200EE05D9 /* likeHeartIcon.png in Resources */,
				D0A6D1801949860C0075EEE1 /* myTaggedPhotos.png in Resources */,
				D0A6D176194982470075EEE1 /* profilePhoto.png in Resources */,
				D0A6D178194982F40075EEE1 /* photoCollectionGridView.png in Resources */,
				D0A6D17E194985D00075EEE1 /* settingsIcon.png in Resources */,
				D0B2F32B1948131300EE05D9 /* commentIcon.png in Resources */,
				D0B2F3171947A7C100EE05D9 /* friends@2x.png in Resources */,
				4505FA0B193D15330016FC7F /* Main.storyboard in Resources */,
				D0A6D17A1949838E0075EEE1 /* photoCollectionFeedView.png in Resources */,
				D0A64F851948218100762CA8 /* cameraIconInsta.png in Resources */,
				D07060CE1949F811004F611B /* reloadButton.png in Resources */,
				D0B2F32F1948151700EE05D9 /* userProfileIcon.png in Resources */,
				D0B2F3151947A7B600EE05D9 /* camera@2x.png in Resources */,
				D0A6D17C194984040075EEE1 /* photoLocation.png in Resources */,
			);
			runOnlyForDeploymentPostprocessing = 0;
		};
		4505FA13193D15330016FC7F /* Resources */ = {
			isa = PBXResourcesBuildPhase;
			buildActionMask = 2147483647;
			files = (
				4505FA21193D15330016FC7F /* InfoPlist.strings in Resources */,
			);
			runOnlyForDeploymentPostprocessing = 0;
		};
/* End PBXResourcesBuildPhase section */

/* Begin PBXSourcesBuildPhase section */
		4505F9F0193D15330016FC7F /* Sources */ = {
			isa = PBXSourcesBuildPhase;
			buildActionMask = 2147483647;
			files = (
				D0B2F31C1947A85700EE05D9 /* NotificationViewController.m in Sources */,
				45D74E1F193D3433005DEEA2 /* FavoritesViewController.m in Sources */,
				4505FA0E193D15330016FC7F /* ViewController.m in Sources */,
				D0A6D1851949890B0075EEE1 /* MapViewController.m in Sources */,
				4550E62519478E9000A6179D /* User.m in Sources */,
				45D74E1C193D2C50005DEEA2 /* PhotoCollectionViewCell.m in Sources */,
				4550E6281947A31B00A6179D /* Photo.m in Sources */,
				45EA5D31194952EF00328F3D /* MyButton.m in Sources */,
				D08CC38119478E3B009F0DDA /* PhotoViewController.m in Sources */,
				D0B2F31F1947A8DF00EE05D9 /* UserProfileViewController.m in Sources */,
				4505FA08193D15330016FC7F /* AppDelegate.m in Sources */,
				4505FA04193D15330016FC7F /* main.m in Sources */,
			);
			runOnlyForDeploymentPostprocessing = 0;
		};
		4505FA11193D15330016FC7F /* Sources */ = {
			isa = PBXSourcesBuildPhase;
			buildActionMask = 2147483647;
			files = (
				4505FA23193D15330016FC7F /* InstagramTests.m in Sources */,
			);
			runOnlyForDeploymentPostprocessing = 0;
		};
/* End PBXSourcesBuildPhase section */

/* Begin PBXTargetDependency section */
		4505FA1B193D15330016FC7F /* PBXTargetDependency */ = {
			isa = PBXTargetDependency;
			target = 4505F9F3193D15330016FC7F /* Instagram */;
			targetProxy = 4505FA1A193D15330016FC7F /* PBXContainerItemProxy */;
		};
/* End PBXTargetDependency section */

/* Begin PBXVariantGroup section */
		4505FA00193D15330016FC7F /* InfoPlist.strings */ = {
			isa = PBXVariantGroup;
			children = (
				4505FA01193D15330016FC7F /* en */,
			);
			name = InfoPlist.strings;
			sourceTree = "<group>";
		};
		4505FA09193D15330016FC7F /* Main.storyboard */ = {
			isa = PBXVariantGroup;
			children = (
				4505FA0A193D15330016FC7F /* Base */,
			);
			name = Main.storyboard;
			sourceTree = "<group>";
		};
		4505FA1F193D15330016FC7F /* InfoPlist.strings */ = {
			isa = PBXVariantGroup;
			children = (
				4505FA20193D15330016FC7F /* en */,
			);
			name = InfoPlist.strings;
			sourceTree = "<group>";
		};
/* End PBXVariantGroup section */

/* Begin XCBuildConfiguration section */
		4505FA24193D15330016FC7F /* Debug */ = {
			isa = XCBuildConfiguration;
			buildSettings = {
				ALWAYS_SEARCH_USER_PATHS = NO;
				CLANG_CXX_LANGUAGE_STANDARD = "gnu++0x";
				CLANG_CXX_LIBRARY = "libc++";
				CLANG_ENABLE_MODULES = YES;
				CLANG_ENABLE_OBJC_ARC = YES;
				CLANG_WARN_BOOL_CONVERSION = YES;
				CLANG_WARN_CONSTANT_CONVERSION = YES;
				CLANG_WARN_DIRECT_OBJC_ISA_USAGE = YES_ERROR;
				CLANG_WARN_EMPTY_BODY = YES;
				CLANG_WARN_ENUM_CONVERSION = YES;
				CLANG_WARN_INT_CONVERSION = YES;
				CLANG_WARN_OBJC_ROOT_CLASS = YES_ERROR;
				CLANG_WARN__DUPLICATE_METHOD_MATCH = YES;
				"CODE_SIGN_IDENTITY[sdk=iphoneos*]" = "iPhone Developer";
				COPY_PHASE_STRIP = NO;
				GCC_C_LANGUAGE_STANDARD = gnu99;
				GCC_DYNAMIC_NO_PIC = NO;
				GCC_OPTIMIZATION_LEVEL = 0;
				GCC_PREPROCESSOR_DEFINITIONS = (
					"DEBUG=1",
					"$(inherited)",
				);
				GCC_SYMBOLS_PRIVATE_EXTERN = NO;
				GCC_WARN_64_TO_32_BIT_CONVERSION = YES;
				GCC_WARN_ABOUT_RETURN_TYPE = YES_ERROR;
				GCC_WARN_UNDECLARED_SELECTOR = YES;
				GCC_WARN_UNINITIALIZED_AUTOS = YES_AGGRESSIVE;
				GCC_WARN_UNUSED_FUNCTION = YES;
				GCC_WARN_UNUSED_VARIABLE = YES;
				IPHONEOS_DEPLOYMENT_TARGET = 7.1;
				ONLY_ACTIVE_ARCH = YES;
				SDKROOT = iphoneos;
			};
			name = Debug;
		};
		4505FA25193D15330016FC7F /* Release */ = {
			isa = XCBuildConfiguration;
			buildSettings = {
				ALWAYS_SEARCH_USER_PATHS = NO;
				CLANG_CXX_LANGUAGE_STANDARD = "gnu++0x";
				CLANG_CXX_LIBRARY = "libc++";
				CLANG_ENABLE_MODULES = YES;
				CLANG_ENABLE_OBJC_ARC = YES;
				CLANG_WARN_BOOL_CONVERSION = YES;
				CLANG_WARN_CONSTANT_CONVERSION = YES;
				CLANG_WARN_DIRECT_OBJC_ISA_USAGE = YES_ERROR;
				CLANG_WARN_EMPTY_BODY = YES;
				CLANG_WARN_ENUM_CONVERSION = YES;
				CLANG_WARN_INT_CONVERSION = YES;
				CLANG_WARN_OBJC_ROOT_CLASS = YES_ERROR;
				CLANG_WARN__DUPLICATE_METHOD_MATCH = YES;
				"CODE_SIGN_IDENTITY[sdk=iphoneos*]" = "iPhone Developer";
				COPY_PHASE_STRIP = YES;
				ENABLE_NS_ASSERTIONS = NO;
				GCC_C_LANGUAGE_STANDARD = gnu99;
				GCC_WARN_64_TO_32_BIT_CONVERSION = YES;
				GCC_WARN_ABOUT_RETURN_TYPE = YES_ERROR;
				GCC_WARN_UNDECLARED_SELECTOR = YES;
				GCC_WARN_UNINITIALIZED_AUTOS = YES_AGGRESSIVE;
				GCC_WARN_UNUSED_FUNCTION = YES;
				GCC_WARN_UNUSED_VARIABLE = YES;
				IPHONEOS_DEPLOYMENT_TARGET = 7.1;
				SDKROOT = iphoneos;
				VALIDATE_PRODUCT = YES;
			};
			name = Release;
		};
		4505FA27193D15330016FC7F /* Debug */ = {
			isa = XCBuildConfiguration;
			buildSettings = {
				ASSETCATALOG_COMPILER_APPICON_NAME = AppIcon;
				ASSETCATALOG_COMPILER_LAUNCHIMAGE_NAME = LaunchImage;
				FRAMEWORK_SEARCH_PATHS = (
					"$(inherited)",
					"$(PROJECT_DIR)",
				);
				GCC_PRECOMPILE_PREFIX_HEADER = YES;
				GCC_PREFIX_HEADER = "Instagram/Instagram-Prefix.pch";
				INFOPLIST_FILE = "Instagram/Instagram-Info.plist";
				PRODUCT_NAME = Instagram;
				WRAPPER_EXTENSION = app;
			};
			name = Debug;
		};
		4505FA28193D15330016FC7F /* Release */ = {
			isa = XCBuildConfiguration;
			buildSettings = {
				ASSETCATALOG_COMPILER_APPICON_NAME = AppIcon;
				ASSETCATALOG_COMPILER_LAUNCHIMAGE_NAME = LaunchImage;
				FRAMEWORK_SEARCH_PATHS = (
					"$(inherited)",
					"$(PROJECT_DIR)",
				);
				GCC_PRECOMPILE_PREFIX_HEADER = YES;
				GCC_PREFIX_HEADER = "Instagram/Instagram-Prefix.pch";
				INFOPLIST_FILE = "Instagram/Instagram-Info.plist";
				PRODUCT_NAME = Instagram;
				WRAPPER_EXTENSION = app;
			};
			name = Release;
		};
		4505FA2A193D15330016FC7F /* Debug */ = {
			isa = XCBuildConfiguration;
			buildSettings = {
				BUNDLE_LOADER = "$(BUILT_PRODUCTS_DIR)/Instagram.app/Instagram";
				FRAMEWORK_SEARCH_PATHS = (
					"$(SDKROOT)/Developer/Library/Frameworks",
					"$(inherited)",
					"$(DEVELOPER_FRAMEWORKS_DIR)",
				);
				GCC_PRECOMPILE_PREFIX_HEADER = YES;
				GCC_PREFIX_HEADER = "Instagram/Instagram-Prefix.pch";
				GCC_PREPROCESSOR_DEFINITIONS = (
					"DEBUG=1",
					"$(inherited)",
				);
				INFOPLIST_FILE = "InstagramTests/InstagramTests-Info.plist";
				PRODUCT_NAME = InstagramTests;
				TEST_HOST = "$(BUNDLE_LOADER)";
				WRAPPER_EXTENSION = xctest;
			};
			name = Debug;
		};
		4505FA2B193D15330016FC7F /* Release */ = {
			isa = XCBuildConfiguration;
			buildSettings = {
				BUNDLE_LOADER = "$(BUILT_PRODUCTS_DIR)/Instagram.app/Instagram";
				FRAMEWORK_SEARCH_PATHS = (
					"$(SDKROOT)/Developer/Library/Frameworks",
					"$(inherited)",
					"$(DEVELOPER_FRAMEWORKS_DIR)",
				);
				GCC_PRECOMPILE_PREFIX_HEADER = YES;
				GCC_PREFIX_HEADER = "Instagram/Instagram-Prefix.pch";
				INFOPLIST_FILE = "InstagramTests/InstagramTests-Info.plist";
				PRODUCT_NAME = InstagramTests;
				TEST_HOST = "$(BUNDLE_LOADER)";
				WRAPPER_EXTENSION = xctest;
			};
			name = Release;
		};
/* End XCBuildConfiguration section */

/* Begin XCConfigurationList section */
		4505F9EF193D15330016FC7F /* Build configuration list for PBXProject "Instagram" */ = {
			isa = XCConfigurationList;
			buildConfigurations = (
				4505FA24193D15330016FC7F /* Debug */,
				4505FA25193D15330016FC7F /* Release */,
			);
			defaultConfigurationIsVisible = 0;
			defaultConfigurationName = Release;
		};
		4505FA26193D15330016FC7F /* Build configuration list for PBXNativeTarget "Instagram" */ = {
			isa = XCConfigurationList;
			buildConfigurations = (
				4505FA27193D15330016FC7F /* Debug */,
				4505FA28193D15330016FC7F /* Release */,
			);
			defaultConfigurationIsVisible = 0;
			defaultConfigurationName = Release;
		};
		4505FA29193D15330016FC7F /* Build configuration list for PBXNativeTarget "InstagramTests" */ = {
			isa = XCConfigurationList;
			buildConfigurations = (
				4505FA2A193D15330016FC7F /* Debug */,
				4505FA2B193D15330016FC7F /* Release */,
			);
			defaultConfigurationIsVisible = 0;
			defaultConfigurationName = Release;
		};
/* End XCConfigurationList section */
	};
	rootObject = 4505F9EC193D15330016FC7F /* Project object */;
}
